
Microsoft Visual Studio Solution File, Format Version 12.00
# Visual Studio 15
VisualStudioVersion = 15.0.26730.16
MinimumVisualStudioVersion = 10.0.40219.1
Project("{9A19103F-16F7-4668-BE54-9A1E7A4F7556}") = "CVSWebApp2", "CVSWebApp2\CVSWebApp2.csproj", "{596B7CB9-B29E-4B05-A88E-66C788AE7E58}"
EndProject
Global
	GlobalSection(SolutionConfigurationPlatforms) = preSolution
		Debug|Any CPU = Debug|Any CPU
		Release|Any CPU = Release|Any CPU
	EndGlobalSection
	GlobalSection(ProjectConfigurationPlatforms) = postSolution
		{596B7CB9-B29E-4B05-A88E-66C788AE7E58}.Debug|Any CPU.ActiveCfg = Debug|Any CPU
		{596B7CB9-B29E-4B05-A88E-66C788AE7E58}.Debug|Any CPU.Build.0 = Debug|Any CPU
		{596B7CB9-B29E-4B05-A88E-66C788AE7E58}.Release|Any CPU.ActiveCfg = Release|Any CPU
		{596B7CB9-B29E-4B05-A88E-66C788AE7E58}.Release|Any CPU.Build.0 = Release|Any CPU
	EndGlobalSection
	GlobalSection(SolutionProperties) = preSolution
		HideSolutionNode = FALSE
	EndGlobalSection
	GlobalSection(ExtensibilityGlobals) = postSolution
		SolutionGuid = {54947FBC-176D-4B90-B85D-F25D5CE35711}
	EndGlobalSection
EndGlobal
